
Microsoft Visual Studio Solution File, Format Version 12.00
# Visual Studio Version 16
VisualStudioVersion = 16.0.29709.97
MinimumVisualStudioVersion = 10.0.40219.1
Project("{9A19103F-16F7-4668-BE54-9A1E7A4F7556}") = "DAS.DigitalEngagement.Framework", "DAS.DigitalEngagement.Framework\DAS.DigitalEngagement.Framework.csproj", "{81A17F71-87DB-4B56-882D-81E923D13F39}"
EndProject
Project("{9A19103F-16F7-4668-BE54-9A1E7A4F7556}") = "DAS.DigitalEngagement.Application", "DAS.DigitalEngagement.Application\DAS.DigitalEngagement.Application.csproj", "{BF28CAF0-67E2-475B-97A6-4243835609AB}"
EndProject
Project("{9A19103F-16F7-4668-BE54-9A1E7A4F7556}") = "DAS.DigitalEngagement.Domain", "DAS.DigitalEngagement.Domain\DAS.DigitalEngagement.Domain.csproj", "{2BF0E9DF-CF63-4FE9-97E1-7695AA54D900}"
EndProject
Project("{9A19103F-16F7-4668-BE54-9A1E7A4F7556}") = "DAS.DigitalEngagement.Models", "DAS.DigitalEngagement.Models\DAS.DigitalEngagement.Models.csproj", "{41F4ACC9-CBE8-4D16-96D9-702D51846C89}"
EndProject
Project("{2150E333-8FDC-42A3-9474-1A3956D46DE8}") = "Tests", "Tests", "{72F709FF-0BDA-4DEA-B6DB-8C94CBD1DC88}"
EndProject
Project("{9A19103F-16F7-4668-BE54-9A1E7A4F7556}") = "DAS.DigitalEngagement.Application.UnitTests", "DAS.DigitalEngagement.Application.UnitTests\DAS.DigitalEngagement.Application.UnitTests.csproj", "{092D35E7-823A-4BF7-897B-DF2D432E8B0F}"
EndProject
Project("{2150E333-8FDC-42A3-9474-1A3956D46DE8}") = "Functions", "Functions", "{C9219B77-0B15-43CB-9CE3-333ED5B435CD}"
EndProject
Project("{9A19103F-16F7-4668-BE54-9A1E7A4F7556}") = "DAS.DigitalEngagement.Models.UnitTests", "DAS.DigitalEngagement.Models.UnitTests\DAS.DigitalEngagement.Models.UnitTests.csproj", "{FD64D907-F2E2-43C1-A8BE-D24C35FFB0BC}"
EndProject
Project("{9A19103F-16F7-4668-BE54-9A1E7A4F7556}") = "DAS.DigitalEngagement.Functions.DataCollection", "DAS.DigitalEngagement.DataCollectionSubscribe.Function\DAS.DigitalEngagement.Functions.DataCollection.csproj", "{D7402DF5-6BBA-4B40-B9A0-87086210B199}"
EndProject
Project("{9A19103F-16F7-4668-BE54-9A1E7A4F7556}") = "DAS.DigitalEngagement.Functions.DataCollectionStub", "DAS.DigitalEngagement.DataCollectionStub.Function\DAS.DigitalEngagement.Functions.DataCollectionStub.csproj", "{44BFFFD8-F1CC-4916-BD3A-A395462E8BAD}"
EndProject
Global
	GlobalSection(SolutionConfigurationPlatforms) = preSolution
		Debug|Any CPU = Debug|Any CPU
		Release|Any CPU = Release|Any CPU
	EndGlobalSection
	GlobalSection(ProjectConfigurationPlatforms) = postSolution
		{81A17F71-87DB-4B56-882D-81E923D13F39}.Debug|Any CPU.ActiveCfg = Debug|Any CPU
		{81A17F71-87DB-4B56-882D-81E923D13F39}.Debug|Any CPU.Build.0 = Debug|Any CPU
		{81A17F71-87DB-4B56-882D-81E923D13F39}.Release|Any CPU.ActiveCfg = Release|Any CPU
		{81A17F71-87DB-4B56-882D-81E923D13F39}.Release|Any CPU.Build.0 = Release|Any CPU
		{BF28CAF0-67E2-475B-97A6-4243835609AB}.Debug|Any CPU.ActiveCfg = Debug|Any CPU
		{BF28CAF0-67E2-475B-97A6-4243835609AB}.Debug|Any CPU.Build.0 = Debug|Any CPU
		{BF28CAF0-67E2-475B-97A6-4243835609AB}.Release|Any CPU.ActiveCfg = Release|Any CPU
		{BF28CAF0-67E2-475B-97A6-4243835609AB}.Release|Any CPU.Build.0 = Release|Any CPU
		{2BF0E9DF-CF63-4FE9-97E1-7695AA54D900}.Debug|Any CPU.ActiveCfg = Debug|Any CPU
		{2BF0E9DF-CF63-4FE9-97E1-7695AA54D900}.Debug|Any CPU.Build.0 = Debug|Any CPU
		{2BF0E9DF-CF63-4FE9-97E1-7695AA54D900}.Release|Any CPU.ActiveCfg = Release|Any CPU
		{2BF0E9DF-CF63-4FE9-97E1-7695AA54D900}.Release|Any CPU.Build.0 = Release|Any CPU
		{41F4ACC9-CBE8-4D16-96D9-702D51846C89}.Debug|Any CPU.ActiveCfg = Debug|Any CPU
		{41F4ACC9-CBE8-4D16-96D9-702D51846C89}.Debug|Any CPU.Build.0 = Debug|Any CPU
		{41F4ACC9-CBE8-4D16-96D9-702D51846C89}.Release|Any CPU.ActiveCfg = Release|Any CPU
		{41F4ACC9-CBE8-4D16-96D9-702D51846C89}.Release|Any CPU.Build.0 = Release|Any CPU
		{092D35E7-823A-4BF7-897B-DF2D432E8B0F}.Debug|Any CPU.ActiveCfg = Debug|Any CPU
		{092D35E7-823A-4BF7-897B-DF2D432E8B0F}.Debug|Any CPU.Build.0 = Debug|Any CPU
		{092D35E7-823A-4BF7-897B-DF2D432E8B0F}.Release|Any CPU.ActiveCfg = Release|Any CPU
		{092D35E7-823A-4BF7-897B-DF2D432E8B0F}.Release|Any CPU.Build.0 = Release|Any CPU
		{FD64D907-F2E2-43C1-A8BE-D24C35FFB0BC}.Debug|Any CPU.ActiveCfg = Debug|Any CPU
		{FD64D907-F2E2-43C1-A8BE-D24C35FFB0BC}.Debug|Any CPU.Build.0 = Debug|Any CPU
		{FD64D907-F2E2-43C1-A8BE-D24C35FFB0BC}.Release|Any CPU.ActiveCfg = Release|Any CPU
		{FD64D907-F2E2-43C1-A8BE-D24C35FFB0BC}.Release|Any CPU.Build.0 = Release|Any CPU
		{D7402DF5-6BBA-4B40-B9A0-87086210B199}.Debug|Any CPU.ActiveCfg = Debug|Any CPU
		{D7402DF5-6BBA-4B40-B9A0-87086210B199}.Debug|Any CPU.Build.0 = Debug|Any CPU
		{D7402DF5-6BBA-4B40-B9A0-87086210B199}.Release|Any CPU.ActiveCfg = Release|Any CPU
		{D7402DF5-6BBA-4B40-B9A0-87086210B199}.Release|Any CPU.Build.0 = Release|Any CPU
		{44BFFFD8-F1CC-4916-BD3A-A395462E8BAD}.Debug|Any CPU.ActiveCfg = Debug|Any CPU
		{44BFFFD8-F1CC-4916-BD3A-A395462E8BAD}.Debug|Any CPU.Build.0 = Debug|Any CPU
		{44BFFFD8-F1CC-4916-BD3A-A395462E8BAD}.Release|Any CPU.ActiveCfg = Release|Any CPU
		{44BFFFD8-F1CC-4916-BD3A-A395462E8BAD}.Release|Any CPU.Build.0 = Release|Any CPU
	EndGlobalSection
	GlobalSection(SolutionProperties) = preSolution
		HideSolutionNode = FALSE
	EndGlobalSection
	GlobalSection(NestedProjects) = preSolution
		{092D35E7-823A-4BF7-897B-DF2D432E8B0F} = {72F709FF-0BDA-4DEA-B6DB-8C94CBD1DC88}
		{FD64D907-F2E2-43C1-A8BE-D24C35FFB0BC} = {72F709FF-0BDA-4DEA-B6DB-8C94CBD1DC88}
		{D7402DF5-6BBA-4B40-B9A0-87086210B199} = {C9219B77-0B15-43CB-9CE3-333ED5B435CD}
		{44BFFFD8-F1CC-4916-BD3A-A395462E8BAD} = {C9219B77-0B15-43CB-9CE3-333ED5B435CD}
	EndGlobalSection
	GlobalSection(ExtensibilityGlobals) = postSolution
		SolutionGuid = {02D56998-F120-4094-A39E-269A7812C2BF}
	EndGlobalSection
EndGlobal
