
Microsoft Visual Studio Solution File, Format Version 12.00
# Visual Studio Version 17
VisualStudioVersion = 17.11.35327.3
MinimumVisualStudioVersion = 10.0.40219.1
Project("{9A19103F-16F7-4668-BE54-9A1E7A4F7556}") = "DAS.DigitalEngagement.Application", "DAS.DigitalEngagement.Application\DAS.DigitalEngagement.Application.csproj", "{BF28CAF0-67E2-475B-97A6-4243835609AB}"
EndProject
Project("{9A19103F-16F7-4668-BE54-9A1E7A4F7556}") = "DAS.DigitalEngagement.Domain", "DAS.DigitalEngagement.Domain\DAS.DigitalEngagement.Domain.csproj", "{2BF0E9DF-CF63-4FE9-97E1-7695AA54D900}"
EndProject
Project("{9A19103F-16F7-4668-BE54-9A1E7A4F7556}") = "DAS.DigitalEngagement.Models", "DAS.DigitalEngagement.Models\DAS.DigitalEngagement.Models.csproj", "{41F4ACC9-CBE8-4D16-96D9-702D51846C89}"
EndProject
Project("{2150E333-8FDC-42A3-9474-1A3956D46DE8}") = "Tests", "Tests", "{72F709FF-0BDA-4DEA-B6DB-8C94CBD1DC88}"
EndProject
Project("{9A19103F-16F7-4668-BE54-9A1E7A4F7556}") = "DAS.DigitalEngagement.Application.UnitTests", "DAS.DigitalEngagement.Application.UnitTests\DAS.DigitalEngagement.Application.UnitTests.csproj", "{092D35E7-823A-4BF7-897B-DF2D432E8B0F}"
EndProject
Project("{2150E333-8FDC-42A3-9474-1A3956D46DE8}") = "Functions", "Functions", "{C9219B77-0B15-43CB-9CE3-333ED5B435CD}"
EndProject
Project("{9A19103F-16F7-4668-BE54-9A1E7A4F7556}") = "DAS.DigitalEngagement.Models.UnitTests", "DAS.DigitalEngagement.Models.UnitTests\DAS.DigitalEngagement.Models.UnitTests.csproj", "{FD64D907-F2E2-43C1-A8BE-D24C35FFB0BC}"
EndProject
Project("{9A19103F-16F7-4668-BE54-9A1E7A4F7556}") = "Das.Marketo.RestApiClient", "Das.Marketo.RestApiClient\Das.Marketo.RestApiClient.csproj", "{B5DDCF06-C6BE-4AA5-BA3C-A93C237453F2}"
EndProject
Project("{9A19103F-16F7-4668-BE54-9A1E7A4F7556}") = "DAS.DigitalEngagement.Infrastructure", "DAS.DigitalEngagement.Infrastructure\DAS.DigitalEngagement.Infrastructure.csproj", "{C72FEC22-4FAE-417B-8E3D-5E49199EE2C1}"
EndProject
Project("{2150E333-8FDC-42A3-9474-1A3956D46DE8}") = "Configuration", "Configuration", "{1ABE1B9A-8AC5-42C7-BB4A-0450625EB4E0}"
EndProject
Project("{FAE04EC0-301F-11D3-BF4B-00C04F79EFBC}") = "DAS.DigitalEngagement.Functions.Import", "DAS.DigitalEngagement.Functions.Import\DAS.DigitalEngagement.Functions.Import.csproj", "{21CB48DF-5800-407D-8F9B-024657D88AA7}"
EndProject
Project("{FAE04EC0-301F-11D3-BF4B-00C04F79EFBC}") = "DAS.DigitalEngagement.Functions.DataCollection", "DAS.DigitalEngagement.Functions.DataCollection\DAS.DigitalEngagement.Functions.DataCollection.csproj", "{72BC040A-EA7E-4AC9-B5A4-4878EA1FCCCD}"
EndProject
Project("{FAE04EC0-301F-11D3-BF4B-00C04F79EFBC}") = "DAS.DigitalEngagement.Functions.DataCollectionStub", "DAS.DigitalEngagement.Functions.DataCollectionStub\DAS.DigitalEngagement.Functions.DataCollectionStub.csproj", "{B1E35D41-57ED-4021-A0C0-6A4ED091371F}"
EndProject
Global
	GlobalSection(SolutionConfigurationPlatforms) = preSolution
		Debug|Any CPU = Debug|Any CPU
		Release|Any CPU = Release|Any CPU
	EndGlobalSection
	GlobalSection(ProjectConfigurationPlatforms) = postSolution
		{BF28CAF0-67E2-475B-97A6-4243835609AB}.Debug|Any CPU.ActiveCfg = Debug|Any CPU
		{BF28CAF0-67E2-475B-97A6-4243835609AB}.Debug|Any CPU.Build.0 = Debug|Any CPU
		{BF28CAF0-67E2-475B-97A6-4243835609AB}.Release|Any CPU.ActiveCfg = Release|Any CPU
		{BF28CAF0-67E2-475B-97A6-4243835609AB}.Release|Any CPU.Build.0 = Release|Any CPU
		{2BF0E9DF-CF63-4FE9-97E1-7695AA54D900}.Debug|Any CPU.ActiveCfg = Debug|Any CPU
		{2BF0E9DF-CF63-4FE9-97E1-7695AA54D900}.Debug|Any CPU.Build.0 = Debug|Any CPU
		{2BF0E9DF-CF63-4FE9-97E1-7695AA54D900}.Release|Any CPU.ActiveCfg = Release|Any CPU
		{2BF0E9DF-CF63-4FE9-97E1-7695AA54D900}.Release|Any CPU.Build.0 = Release|Any CPU
		{41F4ACC9-CBE8-4D16-96D9-702D51846C89}.Debug|Any CPU.ActiveCfg = Debug|Any CPU
		{41F4ACC9-CBE8-4D16-96D9-702D51846C89}.Debug|Any CPU.Build.0 = Debug|Any CPU
		{41F4ACC9-CBE8-4D16-96D9-702D51846C89}.Release|Any CPU.ActiveCfg = Release|Any CPU
		{41F4ACC9-CBE8-4D16-96D9-702D51846C89}.Release|Any CPU.Build.0 = Release|Any CPU
		{092D35E7-823A-4BF7-897B-DF2D432E8B0F}.Debug|Any CPU.ActiveCfg = Debug|Any CPU
		{092D35E7-823A-4BF7-897B-DF2D432E8B0F}.Debug|Any CPU.Build.0 = Debug|Any CPU
		{092D35E7-823A-4BF7-897B-DF2D432E8B0F}.Release|Any CPU.ActiveCfg = Release|Any CPU
		{092D35E7-823A-4BF7-897B-DF2D432E8B0F}.Release|Any CPU.Build.0 = Release|Any CPU
		{FD64D907-F2E2-43C1-A8BE-D24C35FFB0BC}.Debug|Any CPU.ActiveCfg = Debug|Any CPU
		{FD64D907-F2E2-43C1-A8BE-D24C35FFB0BC}.Debug|Any CPU.Build.0 = Debug|Any CPU
		{FD64D907-F2E2-43C1-A8BE-D24C35FFB0BC}.Release|Any CPU.ActiveCfg = Release|Any CPU
		{FD64D907-F2E2-43C1-A8BE-D24C35FFB0BC}.Release|Any CPU.Build.0 = Release|Any CPU
		{B5DDCF06-C6BE-4AA5-BA3C-A93C237453F2}.Debug|Any CPU.ActiveCfg = Debug|Any CPU
		{B5DDCF06-C6BE-4AA5-BA3C-A93C237453F2}.Debug|Any CPU.Build.0 = Debug|Any CPU
		{B5DDCF06-C6BE-4AA5-BA3C-A93C237453F2}.Release|Any CPU.ActiveCfg = Release|Any CPU
		{B5DDCF06-C6BE-4AA5-BA3C-A93C237453F2}.Release|Any CPU.Build.0 = Release|Any CPU
		{C72FEC22-4FAE-417B-8E3D-5E49199EE2C1}.Debug|Any CPU.ActiveCfg = Debug|Any CPU
		{C72FEC22-4FAE-417B-8E3D-5E49199EE2C1}.Debug|Any CPU.Build.0 = Debug|Any CPU
		{C72FEC22-4FAE-417B-8E3D-5E49199EE2C1}.Release|Any CPU.ActiveCfg = Release|Any CPU
		{C72FEC22-4FAE-417B-8E3D-5E49199EE2C1}.Release|Any CPU.Build.0 = Release|Any CPU
		{21CB48DF-5800-407D-8F9B-024657D88AA7}.Debug|Any CPU.ActiveCfg = Debug|Any CPU
		{21CB48DF-5800-407D-8F9B-024657D88AA7}.Debug|Any CPU.Build.0 = Debug|Any CPU
		{21CB48DF-5800-407D-8F9B-024657D88AA7}.Release|Any CPU.ActiveCfg = Release|Any CPU
		{21CB48DF-5800-407D-8F9B-024657D88AA7}.Release|Any CPU.Build.0 = Release|Any CPU
		{72BC040A-EA7E-4AC9-B5A4-4878EA1FCCCD}.Debug|Any CPU.ActiveCfg = Debug|Any CPU
		{72BC040A-EA7E-4AC9-B5A4-4878EA1FCCCD}.Debug|Any CPU.Build.0 = Debug|Any CPU
		{72BC040A-EA7E-4AC9-B5A4-4878EA1FCCCD}.Release|Any CPU.ActiveCfg = Release|Any CPU
		{72BC040A-EA7E-4AC9-B5A4-4878EA1FCCCD}.Release|Any CPU.Build.0 = Release|Any CPU
		{B1E35D41-57ED-4021-A0C0-6A4ED091371F}.Debug|Any CPU.ActiveCfg = Debug|Any CPU
		{B1E35D41-57ED-4021-A0C0-6A4ED091371F}.Debug|Any CPU.Build.0 = Debug|Any CPU
		{B1E35D41-57ED-4021-A0C0-6A4ED091371F}.Release|Any CPU.ActiveCfg = Release|Any CPU
		{B1E35D41-57ED-4021-A0C0-6A4ED091371F}.Release|Any CPU.Build.0 = Release|Any CPU
	EndGlobalSection
	GlobalSection(SolutionProperties) = preSolution
		HideSolutionNode = FALSE
	EndGlobalSection
	GlobalSection(NestedProjects) = preSolution
		{092D35E7-823A-4BF7-897B-DF2D432E8B0F} = {72F709FF-0BDA-4DEA-B6DB-8C94CBD1DC88}
		{FD64D907-F2E2-43C1-A8BE-D24C35FFB0BC} = {72F709FF-0BDA-4DEA-B6DB-8C94CBD1DC88}
		{21CB48DF-5800-407D-8F9B-024657D88AA7} = {C9219B77-0B15-43CB-9CE3-333ED5B435CD}
		{72BC040A-EA7E-4AC9-B5A4-4878EA1FCCCD} = {C9219B77-0B15-43CB-9CE3-333ED5B435CD}
		{B1E35D41-57ED-4021-A0C0-6A4ED091371F} = {C9219B77-0B15-43CB-9CE3-333ED5B435CD}
	EndGlobalSection
	GlobalSection(ExtensibilityGlobals) = postSolution
		SolutionGuid = {02D56998-F120-4094-A39E-269A7812C2BF}
	EndGlobalSection
EndGlobal
