
Microsoft Visual Studio Solution File, Format Version 12.00
# Visual Studio 15
VisualStudioVersion = 15.0.28010.2036
MinimumVisualStudioVersion = 10.0.40219.1
Project("{9A19103F-16F7-4668-BE54-9A1E7A4F7556}") = "SFA.DAS.Campaign.Functions.DataCollectionStub", "SFA.DAS.Campaign.DataCollectionStub.Function\SFA.DAS.Campaign.Functions.DataCollectionStub.csproj", "{26F10F09-D1E7-4C5E-9D5E-D0C780201343}"
EndProject
Project("{9A19103F-16F7-4668-BE54-9A1E7A4F7556}") = "SFA.DAS.Campaign.Functions.DataCollection", "SFA.DAS.Campaign.DataCollectionSubscribe.Function\SFA.DAS.Campaign.Functions.DataCollection.csproj", "{A02B4B6C-5A5C-4BE2-A989-E9E0958C1173}"
EndProject
Project("{9A19103F-16F7-4668-BE54-9A1E7A4F7556}") = "SFA.DAS.Campaign.Functions.Framework", "SFA.DAS.Campaign.Functions.Framework\SFA.DAS.Campaign.Functions.Framework.csproj", "{81A17F71-87DB-4B56-882D-81E923D13F39}"
EndProject
Project("{9A19103F-16F7-4668-BE54-9A1E7A4F7556}") = "SFA.DAS.Campaign.Functions.Application", "SFA.DAS.Campaign.Functions.Application\SFA.DAS.Campaign.Functions.Application.csproj", "{BF28CAF0-67E2-475B-97A6-4243835609AB}"
EndProject
Project("{9A19103F-16F7-4668-BE54-9A1E7A4F7556}") = "SFA.DAS.Campaign.Functions.Domain", "SFA.DAS.Campaign.Functions.Domain\SFA.DAS.Campaign.Functions.Domain.csproj", "{2BF0E9DF-CF63-4FE9-97E1-7695AA54D900}"
EndProject
Project("{9A19103F-16F7-4668-BE54-9A1E7A4F7556}") = "SFA.DAS.Campaign.Functions.Models", "SFA.DAS.Campaign.Functions.Models\SFA.DAS.Campaign.Functions.Models.csproj", "{41F4ACC9-CBE8-4D16-96D9-702D51846C89}"
EndProject
Project("{2150E333-8FDC-42A3-9474-1A3956D46DE8}") = "Tests", "Tests", "{72F709FF-0BDA-4DEA-B6DB-8C94CBD1DC88}"
EndProject
Project("{9A19103F-16F7-4668-BE54-9A1E7A4F7556}") = "SFA.DAS.Campaign.Functions.Application.UnitTests", "SFA.DAS.Campaign.Functions.Application.UnitTests\SFA.DAS.Campaign.Functions.Application.UnitTests.csproj", "{092D35E7-823A-4BF7-897B-DF2D432E8B0F}"
EndProject
Project("{2150E333-8FDC-42A3-9474-1A3956D46DE8}") = "Functions", "Functions", "{C9219B77-0B15-43CB-9CE3-333ED5B435CD}"
EndProject
Project("{FAE04EC0-301F-11D3-BF4B-00C04F79EFBC}") = "SFA.DAS.Campaign.Functions.Models.UnitTests", "SFA.DAS.Campaign.Functions.Models.UnitTests\SFA.DAS.Campaign.Functions.Models.UnitTests.csproj", "{FD64D907-F2E2-43C1-A8BE-D24C35FFB0BC}"
EndProject
Global
	GlobalSection(SolutionConfigurationPlatforms) = preSolution
		Debug|Any CPU = Debug|Any CPU
		Release|Any CPU = Release|Any CPU
	EndGlobalSection
	GlobalSection(ProjectConfigurationPlatforms) = postSolution
		{26F10F09-D1E7-4C5E-9D5E-D0C780201343}.Debug|Any CPU.ActiveCfg = Debug|Any CPU
		{26F10F09-D1E7-4C5E-9D5E-D0C780201343}.Debug|Any CPU.Build.0 = Debug|Any CPU
		{26F10F09-D1E7-4C5E-9D5E-D0C780201343}.Release|Any CPU.ActiveCfg = Release|Any CPU
		{26F10F09-D1E7-4C5E-9D5E-D0C780201343}.Release|Any CPU.Build.0 = Release|Any CPU
		{A02B4B6C-5A5C-4BE2-A989-E9E0958C1173}.Debug|Any CPU.ActiveCfg = Debug|Any CPU
		{A02B4B6C-5A5C-4BE2-A989-E9E0958C1173}.Debug|Any CPU.Build.0 = Debug|Any CPU
		{A02B4B6C-5A5C-4BE2-A989-E9E0958C1173}.Release|Any CPU.ActiveCfg = Release|Any CPU
		{A02B4B6C-5A5C-4BE2-A989-E9E0958C1173}.Release|Any CPU.Build.0 = Release|Any CPU
		{81A17F71-87DB-4B56-882D-81E923D13F39}.Debug|Any CPU.ActiveCfg = Debug|Any CPU
		{81A17F71-87DB-4B56-882D-81E923D13F39}.Debug|Any CPU.Build.0 = Debug|Any CPU
		{81A17F71-87DB-4B56-882D-81E923D13F39}.Release|Any CPU.ActiveCfg = Release|Any CPU
		{81A17F71-87DB-4B56-882D-81E923D13F39}.Release|Any CPU.Build.0 = Release|Any CPU
		{BF28CAF0-67E2-475B-97A6-4243835609AB}.Debug|Any CPU.ActiveCfg = Debug|Any CPU
		{BF28CAF0-67E2-475B-97A6-4243835609AB}.Debug|Any CPU.Build.0 = Debug|Any CPU
		{BF28CAF0-67E2-475B-97A6-4243835609AB}.Release|Any CPU.ActiveCfg = Release|Any CPU
		{BF28CAF0-67E2-475B-97A6-4243835609AB}.Release|Any CPU.Build.0 = Release|Any CPU
		{2BF0E9DF-CF63-4FE9-97E1-7695AA54D900}.Debug|Any CPU.ActiveCfg = Debug|Any CPU
		{2BF0E9DF-CF63-4FE9-97E1-7695AA54D900}.Debug|Any CPU.Build.0 = Debug|Any CPU
		{2BF0E9DF-CF63-4FE9-97E1-7695AA54D900}.Release|Any CPU.ActiveCfg = Release|Any CPU
		{2BF0E9DF-CF63-4FE9-97E1-7695AA54D900}.Release|Any CPU.Build.0 = Release|Any CPU
		{41F4ACC9-CBE8-4D16-96D9-702D51846C89}.Debug|Any CPU.ActiveCfg = Debug|Any CPU
		{41F4ACC9-CBE8-4D16-96D9-702D51846C89}.Debug|Any CPU.Build.0 = Debug|Any CPU
		{41F4ACC9-CBE8-4D16-96D9-702D51846C89}.Release|Any CPU.ActiveCfg = Release|Any CPU
		{41F4ACC9-CBE8-4D16-96D9-702D51846C89}.Release|Any CPU.Build.0 = Release|Any CPU
		{092D35E7-823A-4BF7-897B-DF2D432E8B0F}.Debug|Any CPU.ActiveCfg = Debug|Any CPU
		{092D35E7-823A-4BF7-897B-DF2D432E8B0F}.Debug|Any CPU.Build.0 = Debug|Any CPU
		{092D35E7-823A-4BF7-897B-DF2D432E8B0F}.Release|Any CPU.ActiveCfg = Release|Any CPU
		{092D35E7-823A-4BF7-897B-DF2D432E8B0F}.Release|Any CPU.Build.0 = Release|Any CPU
		{FD64D907-F2E2-43C1-A8BE-D24C35FFB0BC}.Debug|Any CPU.ActiveCfg = Debug|Any CPU
		{FD64D907-F2E2-43C1-A8BE-D24C35FFB0BC}.Debug|Any CPU.Build.0 = Debug|Any CPU
		{FD64D907-F2E2-43C1-A8BE-D24C35FFB0BC}.Release|Any CPU.ActiveCfg = Release|Any CPU
		{FD64D907-F2E2-43C1-A8BE-D24C35FFB0BC}.Release|Any CPU.Build.0 = Release|Any CPU
	EndGlobalSection
	GlobalSection(SolutionProperties) = preSolution
		HideSolutionNode = FALSE
	EndGlobalSection
	GlobalSection(NestedProjects) = preSolution
		{26F10F09-D1E7-4C5E-9D5E-D0C780201343} = {C9219B77-0B15-43CB-9CE3-333ED5B435CD}
		{A02B4B6C-5A5C-4BE2-A989-E9E0958C1173} = {C9219B77-0B15-43CB-9CE3-333ED5B435CD}
		{092D35E7-823A-4BF7-897B-DF2D432E8B0F} = {72F709FF-0BDA-4DEA-B6DB-8C94CBD1DC88}
		{FD64D907-F2E2-43C1-A8BE-D24C35FFB0BC} = {72F709FF-0BDA-4DEA-B6DB-8C94CBD1DC88}
	EndGlobalSection
	GlobalSection(ExtensibilityGlobals) = postSolution
		SolutionGuid = {02D56998-F120-4094-A39E-269A7812C2BF}
	EndGlobalSection
EndGlobal
